// !$*UTF8*$!
{
	archiveVersion = 1;
	classes = {
	};
	objectVersion = 50;
	objects = {

/* Begin PBXBuildFile section */
		5F20585F208B2F710095AF70 /* AppDelegate.swift in Sources */ = {isa = PBXBuildFile; fileRef = 5F20585E208B2F710095AF70 /* AppDelegate.swift */; };
		5F205864208B2F710095AF70 /* Main.storyboard in Resources */ = {isa = PBXBuildFile; fileRef = 5F205862208B2F710095AF70 /* Main.storyboard */; };
		5F205866208B2F720095AF70 /* Assets.xcassets in Resources */ = {isa = PBXBuildFile; fileRef = 5F205865208B2F720095AF70 /* Assets.xcassets */; };
		5F205869208B2F720095AF70 /* LaunchScreen.storyboard in Resources */ = {isa = PBXBuildFile; fileRef = 5F205867208B2F720095AF70 /* LaunchScreen.storyboard */; };
		5F20589A208B3A9D0095AF70 /* Video.swift in Sources */ = {isa = PBXBuildFile; fileRef = 5F205899208B3A9D0095AF70 /* Video.swift */; };
		5F20589E208B3B9D0095AF70 /* ListViewController.swift in Sources */ = {isa = PBXBuildFile; fileRef = 5F20589D208B3B9D0095AF70 /* ListViewController.swift */; };
		5F2058A2208B3BCF0095AF70 /* VideoCell.swift in Sources */ = {isa = PBXBuildFile; fileRef = 5F2058A0208B3BCF0095AF70 /* VideoCell.swift */; };
		5F2058A3208B3BCF0095AF70 /* VideoCell.xib in Resources */ = {isa = PBXBuildFile; fileRef = 5F2058A1208B3BCF0095AF70 /* VideoCell.xib */; };
		5F2058A7208B3E3E0095AF70 /* ListViewModel.swift in Sources */ = {isa = PBXBuildFile; fileRef = 5F2058A6208B3E3E0095AF70 /* ListViewModel.swift */; };
		5F2058AA208B8D6B0095AF70 /* ApiProvider.swift in Sources */ = {isa = PBXBuildFile; fileRef = 5F2058A9208B8D6B0095AF70 /* ApiProvider.swift */; };
		5FD756BB208ED444006B2746 /* CategoryViewController.swift in Sources */ = {isa = PBXBuildFile; fileRef = 5FD756BA208ED444006B2746 /* CategoryViewController.swift */; };
		5FD756BE208ED4AC006B2746 /* CategoryCell.swift in Sources */ = {isa = PBXBuildFile; fileRef = 5FD756BC208ED4AC006B2746 /* CategoryCell.swift */; };
		5FD756BF208ED4AC006B2746 /* CategoryCell.xib in Resources */ = {isa = PBXBuildFile; fileRef = 5FD756BD208ED4AC006B2746 /* CategoryCell.xib */; };
		855B277849AF8D55A4403656 /* Pods_MyYoutube.framework in Frameworks */ = {isa = PBXBuildFile; fileRef = 4E61AEE668D6F66C1AFBB859 /* Pods_MyYoutube.framework */; };
/* End PBXBuildFile section */

/* Begin PBXFileReference section */
		2B36ED335C829B7D049332A9 /* Pods-MyYoutube.release.xcconfig */ = {isa = PBXFileReference; includeInIndex = 1; lastKnownFileType = text.xcconfig; name = "Pods-MyYoutube.release.xcconfig"; path = "Pods/Target Support Files/Pods-MyYoutube/Pods-MyYoutube.release.xcconfig"; sourceTree = "<group>"; };
		4E61AEE668D6F66C1AFBB859 /* Pods_MyYoutube.framework */ = {isa = PBXFileReference; explicitFileType = wrapper.framework; includeInIndex = 0; path = Pods_MyYoutube.framework; sourceTree = BUILT_PRODUCTS_DIR; };
		5F20585B208B2F710095AF70 /* MyYoutube.app */ = {isa = PBXFileReference; explicitFileType = wrapper.application; includeInIndex = 0; path = MyYoutube.app; sourceTree = BUILT_PRODUCTS_DIR; };
		5F20585E208B2F710095AF70 /* AppDelegate.swift */ = {isa = PBXFileReference; lastKnownFileType = sourcecode.swift; path = AppDelegate.swift; sourceTree = "<group>"; };
		5F205863208B2F710095AF70 /* Base */ = {isa = PBXFileReference; lastKnownFileType = file.storyboard; name = Base; path = Base.lproj/Main.storyboard; sourceTree = "<group>"; };
		5F205865208B2F720095AF70 /* Assets.xcassets */ = {isa = PBXFileReference; lastKnownFileType = folder.assetcatalog; path = Assets.xcassets; sourceTree = "<group>"; };
		5F205868208B2F720095AF70 /* Base */ = {isa = PBXFileReference; lastKnownFileType = file.storyboard; name = Base; path = Base.lproj/LaunchScreen.storyboard; sourceTree = "<group>"; };
		5F20586A208B2F720095AF70 /* Info.plist */ = {isa = PBXFileReference; lastKnownFileType = text.plist.xml; path = Info.plist; sourceTree = "<group>"; };
		5F205899208B3A9D0095AF70 /* Video.swift */ = {isa = PBXFileReference; lastKnownFileType = sourcecode.swift; path = Video.swift; sourceTree = "<group>"; };
		5F20589D208B3B9D0095AF70 /* ListViewController.swift */ = {isa = PBXFileReference; lastKnownFileType = sourcecode.swift; path = ListViewController.swift; sourceTree = "<group>"; };
		5F2058A0208B3BCF0095AF70 /* VideoCell.swift */ = {isa = PBXFileReference; lastKnownFileType = sourcecode.swift; path = VideoCell.swift; sourceTree = "<group>"; };
		5F2058A1208B3BCF0095AF70 /* VideoCell.xib */ = {isa = PBXFileReference; lastKnownFileType = file.xib; path = VideoCell.xib; sourceTree = "<group>"; };
		5F2058A6208B3E3E0095AF70 /* ListViewModel.swift */ = {isa = PBXFileReference; lastKnownFileType = sourcecode.swift; path = ListViewModel.swift; sourceTree = "<group>"; };
		5F2058A9208B8D6B0095AF70 /* ApiProvider.swift */ = {isa = PBXFileReference; lastKnownFileType = sourcecode.swift; path = ApiProvider.swift; sourceTree = "<group>"; };
		5FD756BA208ED444006B2746 /* CategoryViewController.swift */ = {isa = PBXFileReference; lastKnownFileType = sourcecode.swift; path = CategoryViewController.swift; sourceTree = "<group>"; };
		5FD756BC208ED4AC006B2746 /* CategoryCell.swift */ = {isa = PBXFileReference; lastKnownFileType = sourcecode.swift; path = CategoryCell.swift; sourceTree = "<group>"; };
		5FD756BD208ED4AC006B2746 /* CategoryCell.xib */ = {isa = PBXFileReference; lastKnownFileType = file.xib; path = CategoryCell.xib; sourceTree = "<group>"; };
		7261B1F1D3F57E2657A8D23C /* Pods-MyYoutube.debug.xcconfig */ = {isa = PBXFileReference; includeInIndex = 1; lastKnownFileType = text.xcconfig; name = "Pods-MyYoutube.debug.xcconfig"; path = "Pods/Target Support Files/Pods-MyYoutube/Pods-MyYoutube.debug.xcconfig"; sourceTree = "<group>"; };
/* End PBXFileReference section */

/* Begin PBXFrameworksBuildPhase section */
		5F205858208B2F710095AF70 /* Frameworks */ = {
			isa = PBXFrameworksBuildPhase;
			buildActionMask = 2147483647;
			files = (
				855B277849AF8D55A4403656 /* Pods_MyYoutube.framework in Frameworks */,
			);
			runOnlyForDeploymentPostprocessing = 0;
		};
/* End PBXFrameworksBuildPhase section */

/* Begin PBXGroup section */
		1F7C80D19F6BA7161CB06494 /* Frameworks */ = {
			isa = PBXGroup;
			children = (
				4E61AEE668D6F66C1AFBB859 /* Pods_MyYoutube.framework */,
			);
			name = Frameworks;
			sourceTree = "<group>";
		};
		2B1F5B7F8818AACDFF62F90C /* Pods */ = {
			isa = PBXGroup;
			children = (
				7261B1F1D3F57E2657A8D23C /* Pods-MyYoutube.debug.xcconfig */,
				2B36ED335C829B7D049332A9 /* Pods-MyYoutube.release.xcconfig */,
			);
			name = Pods;
			sourceTree = "<group>";
		};
		5F205852208B2F710095AF70 = {
			isa = PBXGroup;
			children = (
				5F20585D208B2F710095AF70 /* MyYoutube */,
				5F20585C208B2F710095AF70 /* Products */,
				2B1F5B7F8818AACDFF62F90C /* Pods */,
				1F7C80D19F6BA7161CB06494 /* Frameworks */,
			);
			sourceTree = "<group>";
		};
		5F20585C208B2F710095AF70 /* Products */ = {
			isa = PBXGroup;
			children = (
				5F20585B208B2F710095AF70 /* MyYoutube.app */,
			);
			name = Products;
			sourceTree = "<group>";
		};
		5F20585D208B2F710095AF70 /* MyYoutube */ = {
			isa = PBXGroup;
			children = (
				5F2058A8208B8D5B0095AF70 /* Service */,
				5F20589C208B3B650095AF70 /* ViewModel */,
				5F20589B208B3B4C0095AF70 /* View */,
				5F205898208B3A930095AF70 /* Model */,
				5F20585E208B2F710095AF70 /* AppDelegate.swift */,
				5F205862208B2F710095AF70 /* Main.storyboard */,
				5F205865208B2F720095AF70 /* Assets.xcassets */,
				5F205867208B2F720095AF70 /* LaunchScreen.storyboard */,
				5F20586A208B2F720095AF70 /* Info.plist */,
			);
			path = MyYoutube;
			sourceTree = "<group>";
		};
		5F205898208B3A930095AF70 /* Model */ = {
			isa = PBXGroup;
			children = (
				5F205899208B3A9D0095AF70 /* Video.swift */,
			);
			path = Model;
			sourceTree = "<group>";
		};
		5F20589B208B3B4C0095AF70 /* View */ = {
			isa = PBXGroup;
			children = (
				5F20589F208B3BB90095AF70 /* Cell */,
				5F20589D208B3B9D0095AF70 /* ListViewController.swift */,
				5FD756BA208ED444006B2746 /* CategoryViewController.swift */,
			);
			path = View;
			sourceTree = "<group>";
		};
		5F20589C208B3B650095AF70 /* ViewModel */ = {
			isa = PBXGroup;
			children = (
				5F2058A6208B3E3E0095AF70 /* ListViewModel.swift */,
			);
			path = ViewModel;
			sourceTree = "<group>";
		};
		5F20589F208B3BB90095AF70 /* Cell */ = {
			isa = PBXGroup;
			children = (
				5F2058A0208B3BCF0095AF70 /* VideoCell.swift */,
				5F2058A1208B3BCF0095AF70 /* VideoCell.xib */,
				5FD756BC208ED4AC006B2746 /* CategoryCell.swift */,
				5FD756BD208ED4AC006B2746 /* CategoryCell.xib */,
			);
			path = Cell;
			sourceTree = "<group>";
		};
		5F2058A8208B8D5B0095AF70 /* Service */ = {
			isa = PBXGroup;
			children = (
				5F2058A9208B8D6B0095AF70 /* ApiProvider.swift */,
			);
			path = Service;
			sourceTree = "<group>";
		};
/* End PBXGroup section */

/* Begin PBXNativeTarget section */
		5F20585A208B2F710095AF70 /* MyYoutube */ = {
			isa = PBXNativeTarget;
			buildConfigurationList = 5F20586D208B2F720095AF70 /* Build configuration list for PBXNativeTarget "MyYoutube" */;
			buildPhases = (
				21BF587BDCEFA7B08E9F3956 /* [CP] Check Pods Manifest.lock */,
				5F205857208B2F710095AF70 /* Sources */,
				5F205858208B2F710095AF70 /* Frameworks */,
				5F205859208B2F710095AF70 /* Resources */,
				4211AB3FBCC9C1E6778829B9 /* [CP] Embed Pods Frameworks */,
			);
			buildRules = (
			);
			dependencies = (
			);
			name = MyYoutube;
			productName = MyYoutube;
			productReference = 5F20585B208B2F710095AF70 /* MyYoutube.app */;
			productType = "com.apple.product-type.application";
		};
/* End PBXNativeTarget section */

/* Begin PBXProject section */
		5F205853208B2F710095AF70 /* Project object */ = {
			isa = PBXProject;
			attributes = {
				LastSwiftUpdateCheck = 0930;
				LastUpgradeCheck = 0930;
				ORGANIZATIONNAME = GEM;
				TargetAttributes = {
					5F20585A208B2F710095AF70 = {
						CreatedOnToolsVersion = 9.3;
					};
				};
			};
			buildConfigurationList = 5F205856208B2F710095AF70 /* Build configuration list for PBXProject "MyYoutube" */;
			compatibilityVersion = "Xcode 9.3";
			developmentRegion = en;
			hasScannedForEncodings = 0;
			knownRegions = (
				en,
				Base,
			);
			mainGroup = 5F205852208B2F710095AF70;
			productRefGroup = 5F20585C208B2F710095AF70 /* Products */;
			projectDirPath = "";
			projectRoot = "";
			targets = (
				5F20585A208B2F710095AF70 /* MyYoutube */,
			);
		};
/* End PBXProject section */

/* Begin PBXResourcesBuildPhase section */
		5F205859208B2F710095AF70 /* Resources */ = {
			isa = PBXResourcesBuildPhase;
			buildActionMask = 2147483647;
			files = (
				5FD756BF208ED4AC006B2746 /* CategoryCell.xib in Resources */,
				5F205869208B2F720095AF70 /* LaunchScreen.storyboard in Resources */,
				5F2058A3208B3BCF0095AF70 /* VideoCell.xib in Resources */,
				5F205866208B2F720095AF70 /* Assets.xcassets in Resources */,
				5F205864208B2F710095AF70 /* Main.storyboard in Resources */,
			);
			runOnlyForDeploymentPostprocessing = 0;
		};
/* End PBXResourcesBuildPhase section */

/* Begin PBXShellScriptBuildPhase section */
		21BF587BDCEFA7B08E9F3956 /* [CP] Check Pods Manifest.lock */ = {
			isa = PBXShellScriptBuildPhase;
			buildActionMask = 2147483647;
			files = (
			);
			inputPaths = (
				"${PODS_PODFILE_DIR_PATH}/Podfile.lock",
				"${PODS_ROOT}/Manifest.lock",
			);
			name = "[CP] Check Pods Manifest.lock";
			outputPaths = (
				"$(DERIVED_FILE_DIR)/Pods-MyYoutube-checkManifestLockResult.txt",
			);
			runOnlyForDeploymentPostprocessing = 0;
			shellPath = /bin/sh;
			shellScript = "diff \"${PODS_PODFILE_DIR_PATH}/Podfile.lock\" \"${PODS_ROOT}/Manifest.lock\" > /dev/null\nif [ $? != 0 ] ; then\n    # print error to STDERR\n    echo \"error: The sandbox is not in sync with the Podfile.lock. Run 'pod install' or update your CocoaPods installation.\" >&2\n    exit 1\nfi\n# This output is used by Xcode 'outputs' to avoid re-running this script phase.\necho \"SUCCESS\" > \"${SCRIPT_OUTPUT_FILE_0}\"\n";
			showEnvVarsInLog = 0;
		};
		4211AB3FBCC9C1E6778829B9 /* [CP] Embed Pods Frameworks */ = {
			isa = PBXShellScriptBuildPhase;
			buildActionMask = 2147483647;
			files = (
			);
			inputPaths = (
				"${SRCROOT}/Pods/Target Support Files/Pods-MyYoutube/Pods-MyYoutube-frameworks.sh",
				"${BUILT_PRODUCTS_DIR}/Alamofire/Alamofire.framework",
				"${BUILT_PRODUCTS_DIR}/IQKeyboardManagerSwift/IQKeyboardManagerSwift.framework",
				"${BUILT_PRODUCTS_DIR}/Kingfisher/Kingfisher.framework",
				"${BUILT_PRODUCTS_DIR}/RxCocoa/RxCocoa.framework",
				"${BUILT_PRODUCTS_DIR}/RxSwift/RxSwift.framework",
				"${BUILT_PRODUCTS_DIR}/SwiftyJSON/SwiftyJSON.framework",
			);
			name = "[CP] Embed Pods Frameworks";
			outputPaths = (
				"${TARGET_BUILD_DIR}/${FRAMEWORKS_FOLDER_PATH}/Alamofire.framework",
				"${TARGET_BUILD_DIR}/${FRAMEWORKS_FOLDER_PATH}/IQKeyboardManagerSwift.framework",
				"${TARGET_BUILD_DIR}/${FRAMEWORKS_FOLDER_PATH}/Kingfisher.framework",
				"${TARGET_BUILD_DIR}/${FRAMEWORKS_FOLDER_PATH}/RxCocoa.framework",
				"${TARGET_BUILD_DIR}/${FRAMEWORKS_FOLDER_PATH}/RxSwift.framework",
				"${TARGET_BUILD_DIR}/${FRAMEWORKS_FOLDER_PATH}/SwiftyJSON.framework",
			);
			runOnlyForDeploymentPostprocessing = 0;
			shellPath = /bin/sh;
			shellScript = "\"${SRCROOT}/Pods/Target Support Files/Pods-MyYoutube/Pods-MyYoutube-frameworks.sh\"\n";
			showEnvVarsInLog = 0;
		};
/* End PBXShellScriptBuildPhase section */

/* Begin PBXSourcesBuildPhase section */
		5F205857208B2F710095AF70 /* Sources */ = {
			isa = PBXSourcesBuildPhase;
			buildActionMask = 2147483647;
			files = (
				5F20589A208B3A9D0095AF70 /* Video.swift in Sources */,
				5F2058A2208B3BCF0095AF70 /* VideoCell.swift in Sources */,
				5FD756BB208ED444006B2746 /* CategoryViewController.swift in Sources */,
				5FD756BE208ED4AC006B2746 /* CategoryCell.swift in Sources */,
				5F2058A7208B3E3E0095AF70 /* ListViewModel.swift in Sources */,
				5F2058AA208B8D6B0095AF70 /* ApiProvider.swift in Sources */,
				5F20585F208B2F710095AF70 /* AppDelegate.swift in Sources */,
				5F20589E208B3B9D0095AF70 /* ListViewController.swift in Sources */,
			);
			runOnlyForDeploymentPostprocessing = 0;
		};
/* End PBXSourcesBuildPhase section */

/* Begin PBXVariantGroup section */
		5F205862208B2F710095AF70 /* Main.storyboard */ = {
			isa = PBXVariantGroup;
			children = (
				5F205863208B2F710095AF70 /* Base */,
			);
			name = Main.storyboard;
			sourceTree = "<group>";
		};
		5F205867208B2F720095AF70 /* LaunchScreen.storyboard */ = {
			isa = PBXVariantGroup;
			children = (
				5F205868208B2F720095AF70 /* Base */,
			);
			name = LaunchScreen.storyboard;
			sourceTree = "<group>";
		};
/* End PBXVariantGroup section */

/* Begin XCBuildConfiguration section */
		5F20586B208B2F720095AF70 /* Debug */ = {
			isa = XCBuildConfiguration;
			buildSettings = {
				ALWAYS_SEARCH_USER_PATHS = NO;
				CLANG_ANALYZER_NONNULL = YES;
				CLANG_ANALYZER_NUMBER_OBJECT_CONVERSION = YES_AGGRESSIVE;
				CLANG_CXX_LANGUAGE_STANDARD = "gnu++14";
				CLANG_CXX_LIBRARY = "libc++";
				CLANG_ENABLE_MODULES = YES;
				CLANG_ENABLE_OBJC_ARC = YES;
				CLANG_ENABLE_OBJC_WEAK = YES;
				CLANG_WARN_BLOCK_CAPTURE_AUTORELEASING = YES;
				CLANG_WARN_BOOL_CONVERSION = YES;
				CLANG_WARN_COMMA = YES;
				CLANG_WARN_CONSTANT_CONVERSION = YES;
				CLANG_WARN_DEPRECATED_OBJC_IMPLEMENTATIONS = YES;
				CLANG_WARN_DIRECT_OBJC_ISA_USAGE = YES_ERROR;
				CLANG_WARN_DOCUMENTATION_COMMENTS = YES;
				CLANG_WARN_EMPTY_BODY = YES;
				CLANG_WARN_ENUM_CONVERSION = YES;
				CLANG_WARN_INFINITE_RECURSION = YES;
				CLANG_WARN_INT_CONVERSION = YES;
				CLANG_WARN_NON_LITERAL_NULL_CONVERSION = YES;
				CLANG_WARN_OBJC_IMPLICIT_RETAIN_SELF = YES;
				CLANG_WARN_OBJC_LITERAL_CONVERSION = YES;
				CLANG_WARN_OBJC_ROOT_CLASS = YES_ERROR;
				CLANG_WARN_RANGE_LOOP_ANALYSIS = YES;
				CLANG_WARN_STRICT_PROTOTYPES = YES;
				CLANG_WARN_SUSPICIOUS_MOVE = YES;
				CLANG_WARN_UNGUARDED_AVAILABILITY = YES_AGGRESSIVE;
				CLANG_WARN_UNREACHABLE_CODE = YES;
				CLANG_WARN__DUPLICATE_METHOD_MATCH = YES;
				CODE_SIGN_IDENTITY = "iPhone Developer";
				COPY_PHASE_STRIP = NO;
				DEBUG_INFORMATION_FORMAT = dwarf;
				ENABLE_STRICT_OBJC_MSGSEND = YES;
				ENABLE_TESTABILITY = YES;
				GCC_C_LANGUAGE_STANDARD = gnu11;
				GCC_DYNAMIC_NO_PIC = NO;
				GCC_NO_COMMON_BLOCKS = YES;
				GCC_OPTIMIZATION_LEVEL = 0;
				GCC_PREPROCESSOR_DEFINITIONS = (
					"DEBUG=1",
					"$(inherited)",
				);
				GCC_WARN_64_TO_32_BIT_CONVERSION = YES;
				GCC_WARN_ABOUT_RETURN_TYPE = YES_ERROR;
				GCC_WARN_UNDECLARED_SELECTOR = YES;
				GCC_WARN_UNINITIALIZED_AUTOS = YES_AGGRESSIVE;
				GCC_WARN_UNUSED_FUNCTION = YES;
				GCC_WARN_UNUSED_VARIABLE = YES;
				IPHONEOS_DEPLOYMENT_TARGET = 11.3;
				MTL_ENABLE_DEBUG_INFO = YES;
				ONLY_ACTIVE_ARCH = YES;
				SDKROOT = iphoneos;
				SWIFT_ACTIVE_COMPILATION_CONDITIONS = DEBUG;
				SWIFT_OPTIMIZATION_LEVEL = "-Onone";
			};
			name = Debug;
		};
		5F20586C208B2F720095AF70 /* Release */ = {
			isa = XCBuildConfiguration;
			buildSettings = {
				ALWAYS_SEARCH_USER_PATHS = NO;
				CLANG_ANALYZER_NONNULL = YES;
				CLANG_ANALYZER_NUMBER_OBJECT_CONVERSION = YES_AGGRESSIVE;
				CLANG_CXX_LANGUAGE_STANDARD = "gnu++14";
				CLANG_CXX_LIBRARY = "libc++";
				CLANG_ENABLE_MODULES = YES;
				CLANG_ENABLE_OBJC_ARC = YES;
				CLANG_ENABLE_OBJC_WEAK = YES;
				CLANG_WARN_BLOCK_CAPTURE_AUTORELEASING = YES;
				CLANG_WARN_BOOL_CONVERSION = YES;
				CLANG_WARN_COMMA = YES;
				CLANG_WARN_CONSTANT_CONVERSION = YES;
				CLANG_WARN_DEPRECATED_OBJC_IMPLEMENTATIONS = YES;
				CLANG_WARN_DIRECT_OBJC_ISA_USAGE = YES_ERROR;
				CLANG_WARN_DOCUMENTATION_COMMENTS = YES;
				CLANG_WARN_EMPTY_BODY = YES;
				CLANG_WARN_ENUM_CONVERSION = YES;
				CLANG_WARN_INFINITE_RECURSION = YES;
				CLANG_WARN_INT_CONVERSION = YES;
				CLANG_WARN_NON_LITERAL_NULL_CONVERSION = YES;
				CLANG_WARN_OBJC_IMPLICIT_RETAIN_SELF = YES;
				CLANG_WARN_OBJC_LITERAL_CONVERSION = YES;
				CLANG_WARN_OBJC_ROOT_CLASS = YES_ERROR;
				CLANG_WARN_RANGE_LOOP_ANALYSIS = YES;
				CLANG_WARN_STRICT_PROTOTYPES = YES;
				CLANG_WARN_SUSPICIOUS_MOVE = YES;
				CLANG_WARN_UNGUARDED_AVAILABILITY = YES_AGGRESSIVE;
				CLANG_WARN_UNREACHABLE_CODE = YES;
				CLANG_WARN__DUPLICATE_METHOD_MATCH = YES;
				CODE_SIGN_IDENTITY = "iPhone Developer";
				COPY_PHASE_STRIP = NO;
				DEBUG_INFORMATION_FORMAT = "dwarf-with-dsym";
				ENABLE_NS_ASSERTIONS = NO;
				ENABLE_STRICT_OBJC_MSGSEND = YES;
				GCC_C_LANGUAGE_STANDARD = gnu11;
				GCC_NO_COMMON_BLOCKS = YES;
				GCC_WARN_64_TO_32_BIT_CONVERSION = YES;
				GCC_WARN_ABOUT_RETURN_TYPE = YES_ERROR;
				GCC_WARN_UNDECLARED_SELECTOR = YES;
				GCC_WARN_UNINITIALIZED_AUTOS = YES_AGGRESSIVE;
				GCC_WARN_UNUSED_FUNCTION = YES;
				GCC_WARN_UNUSED_VARIABLE = YES;
				IPHONEOS_DEPLOYMENT_TARGET = 11.3;
				MTL_ENABLE_DEBUG_INFO = NO;
				SDKROOT = iphoneos;
				SWIFT_COMPILATION_MODE = wholemodule;
				SWIFT_OPTIMIZATION_LEVEL = "-O";
				VALIDATE_PRODUCT = YES;
			};
			name = Release;
		};
		5F20586E208B2F720095AF70 /* Debug */ = {
			isa = XCBuildConfiguration;
			baseConfigurationReference = 7261B1F1D3F57E2657A8D23C /* Pods-MyYoutube.debug.xcconfig */;
			buildSettings = {
				ASSETCATALOG_COMPILER_APPICON_NAME = AppIcon;
				CODE_SIGN_STYLE = Automatic;
				DEVELOPMENT_TEAM = 65MUWGJ9FF;
				INFOPLIST_FILE = MyYoutube/Info.plist;
				LD_RUNPATH_SEARCH_PATHS = (
					"$(inherited)",
					"@executable_path/Frameworks",
				);
				PRODUCT_BUNDLE_IDENTIFIER = com.gem.MyYoutube;
				PRODUCT_NAME = "$(TARGET_NAME)";
				SWIFT_VERSION = 4.0;
				TARGETED_DEVICE_FAMILY = "1,2";
			};
			name = Debug;
		};
		5F20586F208B2F720095AF70 /* Release */ = {
			isa = XCBuildConfiguration;
			baseConfigurationReference = 2B36ED335C829B7D049332A9 /* Pods-MyYoutube.release.xcconfig */;
			buildSettings = {
				ASSETCATALOG_COMPILER_APPICON_NAME = AppIcon;
				CODE_SIGN_STYLE = Automatic;
				DEVELOPMENT_TEAM = 65MUWGJ9FF;
				INFOPLIST_FILE = MyYoutube/Info.plist;
				LD_RUNPATH_SEARCH_PATHS = (
					"$(inherited)",
					"@executable_path/Frameworks",
				);
				PRODUCT_BUNDLE_IDENTIFIER = com.gem.MyYoutube;
				PRODUCT_NAME = "$(TARGET_NAME)";
				SWIFT_VERSION = 4.0;
				TARGETED_DEVICE_FAMILY = "1,2";
			};
			name = Release;
		};
/* End XCBuildConfiguration section */

/* Begin XCConfigurationList section */
		5F205856208B2F710095AF70 /* Build configuration list for PBXProject "MyYoutube" */ = {
			isa = XCConfigurationList;
			buildConfigurations = (
				5F20586B208B2F720095AF70 /* Debug */,
				5F20586C208B2F720095AF70 /* Release */,
			);
			defaultConfigurationIsVisible = 0;
			defaultConfigurationName = Release;
		};
		5F20586D208B2F720095AF70 /* Build configuration list for PBXNativeTarget "MyYoutube" */ = {
			isa = XCConfigurationList;
			buildConfigurations = (
				5F20586E208B2F720095AF70 /* Debug */,
				5F20586F208B2F720095AF70 /* Release */,
			);
			defaultConfigurationIsVisible = 0;
			defaultConfigurationName = Release;
		};
/* End XCConfigurationList section */
	};
	rootObject = 5F205853208B2F710095AF70 /* Project object */;
}
